{
  "name": "ghost-updater",
  "lockfileVersion": 3,
  "requires": true,
  "packages": {
    "": {
      "devDependencies": {
        "pages-plugin-asset-negotiation": "^0.1.3"
      }
    },
    "node_modules/pages-plugin-asset-negotiation": {
      "version": "0.1.3",
      "resolved": "https://registry.npmjs.org/pages-plugin-asset-negotiation/-/pages-plugin-asset-negotiation-0.1.3.tgz",
      "integrity": "sha512-r76ldROH5IU87jHtpA3ypwzaH+TD+ZQtKpEKP96IJ8FAkfRdVJBIxcngwDEYmuBGr5eDIV/NbbLQ2EbFe8N0Rw==",
      "dev": true,
      "engines": {
        "node": ">=16"
      }
    }
  }
}
